
Microsoft Visual Studio Solution File, Format Version 12.00
# Visual Studio 2012
Project("{FAE04EC0-301F-11D3-BF4B-00C04F79EFBC}") = "UnityVS.NumberKnight.CSharp", "UnityVS.NumberKnight.CSharp.csproj", "{B69A6BB6-C749-A935-2AD3-8257796066F6}"
EndProject
Global
	GlobalSection(SolutionConfigurationPlatforms) = preSolution
		Debug|Any CPU = Debug|Any CPU
		Release|Any CPU = Release|Any CPU
	EndGlobalSection
	GlobalSection(ProjectConfigurationPlatforms) = postSolution
		{B69A6BB6-C749-A935-2AD3-8257796066F6}.Debug|Any CPU.ActiveCfg = Debug|Any CPU
		{B69A6BB6-C749-A935-2AD3-8257796066F6}.Debug|Any CPU.Build.0 = Debug|Any CPU
		{B69A6BB6-C749-A935-2AD3-8257796066F6}.Release|Any CPU.ActiveCfg = Release|Any CPU
		{B69A6BB6-C749-A935-2AD3-8257796066F6}.Release|Any CPU.Build.0 = Release|Any CPU
	EndGlobalSection
	GlobalSection(SolutionProperties) = preSolution
		HideSolutionNode = FALSE
	EndGlobalSection
EndGlobal
